// !$*UTF8*$!
{
	archiveVersion = 1;
	classes = {
	};
	objectVersion = 50;
	objects = {

/* Begin PBXBuildFile section */
		E282050F21566F3100E0B220 /* AppDelegate.swift in Sources */ = {isa = PBXBuildFile; fileRef = E282050E21566F3100E0B220 /* AppDelegate.swift */; };
		E282051121566F3100E0B220 /* ViewController.swift in Sources */ = {isa = PBXBuildFile; fileRef = E282051021566F3100E0B220 /* ViewController.swift */; };
		E282051421566F3100E0B220 /* Main.storyboard in Resources */ = {isa = PBXBuildFile; fileRef = E282051221566F3100E0B220 /* Main.storyboard */; };
		E282051621566F3200E0B220 /* Assets.xcassets in Resources */ = {isa = PBXBuildFile; fileRef = E282051521566F3200E0B220 /* Assets.xcassets */; };
		E282051921566F3200E0B220 /* LaunchScreen.storyboard in Resources */ = {isa = PBXBuildFile; fileRef = E282051721566F3200E0B220 /* LaunchScreen.storyboard */; };
		E282052421566F3200E0B220 /* ImgurBrowserTests.swift in Sources */ = {isa = PBXBuildFile; fileRef = E282052321566F3200E0B220 /* ImgurBrowserTests.swift */; };
		E282052F21566F3200E0B220 /* ImgurBrowserUITests.swift in Sources */ = {isa = PBXBuildFile; fileRef = E282052E21566F3200E0B220 /* ImgurBrowserUITests.swift */; };
		E2D74057215676E9009B6E08 /* ReactiveSwift.framework in Frameworks */ = {isa = PBXBuildFile; fileRef = E2D74052215676E9009B6E08 /* ReactiveSwift.framework */; };
		E2D74058215676E9009B6E08 /* ReactiveSwift.framework in Frameworks */ = {isa = PBXBuildFile; fileRef = E2D74052215676E9009B6E08 /* ReactiveSwift.framework */; };
		E2D74059215676E9009B6E08 /* ReactiveSwift.framework in Frameworks */ = {isa = PBXBuildFile; fileRef = E2D74052215676E9009B6E08 /* ReactiveSwift.framework */; };
		E2D7405A215676E9009B6E08 /* ReactiveMapKit.framework in Frameworks */ = {isa = PBXBuildFile; fileRef = E2D74053215676E9009B6E08 /* ReactiveMapKit.framework */; };
		E2D7405B215676E9009B6E08 /* ReactiveMapKit.framework in Frameworks */ = {isa = PBXBuildFile; fileRef = E2D74053215676E9009B6E08 /* ReactiveMapKit.framework */; };
		E2D7405C215676E9009B6E08 /* ReactiveMapKit.framework in Frameworks */ = {isa = PBXBuildFile; fileRef = E2D74053215676E9009B6E08 /* ReactiveMapKit.framework */; };
		E2D7405D215676E9009B6E08 /* Power.framework in Frameworks */ = {isa = PBXBuildFile; fileRef = E2D74054215676E9009B6E08 /* Power.framework */; };
		E2D7405E215676E9009B6E08 /* Power.framework in Frameworks */ = {isa = PBXBuildFile; fileRef = E2D74054215676E9009B6E08 /* Power.framework */; };
		E2D7405F215676E9009B6E08 /* Power.framework in Frameworks */ = {isa = PBXBuildFile; fileRef = E2D74054215676E9009B6E08 /* Power.framework */; };
		E2D74061215676E9009B6E08 /* Result.framework in Frameworks */ = {isa = PBXBuildFile; fileRef = E2D74055215676E9009B6E08 /* Result.framework */; };
		E2D74062215676E9009B6E08 /* Result.framework in Frameworks */ = {isa = PBXBuildFile; fileRef = E2D74055215676E9009B6E08 /* Result.framework */; };
		E2D74063215676E9009B6E08 /* ReactiveCocoa.framework in Frameworks */ = {isa = PBXBuildFile; fileRef = E2D74056215676E9009B6E08 /* ReactiveCocoa.framework */; };
		E2D74064215676E9009B6E08 /* ReactiveCocoa.framework in Frameworks */ = {isa = PBXBuildFile; fileRef = E2D74056215676E9009B6E08 /* ReactiveCocoa.framework */; };
		E2D74065215676E9009B6E08 /* ReactiveCocoa.framework in Frameworks */ = {isa = PBXBuildFile; fileRef = E2D74056215676E9009B6E08 /* ReactiveCocoa.framework */; };
		E2D740672156779E009B6E08 /* Power.framework in Embed Frameworks */ = {isa = PBXBuildFile; fileRef = E2D74054215676E9009B6E08 /* Power.framework */; settings = {ATTRIBUTES = (CodeSignOnCopy, RemoveHeadersOnCopy, ); }; };
		E2D740692156779E009B6E08 /* ReactiveCocoa.framework in Embed Frameworks */ = {isa = PBXBuildFile; fileRef = E2D74056215676E9009B6E08 /* ReactiveCocoa.framework */; settings = {ATTRIBUTES = (CodeSignOnCopy, RemoveHeadersOnCopy, ); }; };
		E2D7406B2156779E009B6E08 /* ReactiveMapKit.framework in Embed Frameworks */ = {isa = PBXBuildFile; fileRef = E2D74053215676E9009B6E08 /* ReactiveMapKit.framework */; settings = {ATTRIBUTES = (CodeSignOnCopy, RemoveHeadersOnCopy, ); }; };
		E2D7406D2156779E009B6E08 /* ReactiveSwift.framework in Embed Frameworks */ = {isa = PBXBuildFile; fileRef = E2D74052215676E9009B6E08 /* ReactiveSwift.framework */; settings = {ATTRIBUTES = (CodeSignOnCopy, RemoveHeadersOnCopy, ); }; };
		E2D7406E2156779E009B6E08 /* Result.framework in Frameworks */ = {isa = PBXBuildFile; fileRef = E2D74055215676E9009B6E08 /* Result.framework */; };
		E2D7406F2156779E009B6E08 /* Result.framework in Embed Frameworks */ = {isa = PBXBuildFile; fileRef = E2D74055215676E9009B6E08 /* Result.framework */; settings = {ATTRIBUTES = (CodeSignOnCopy, RemoveHeadersOnCopy, ); }; };
/* End PBXBuildFile section */

/* Begin PBXContainerItemProxy section */
		E282052021566F3200E0B220 /* PBXContainerItemProxy */ = {
			isa = PBXContainerItemProxy;
			containerPortal = E282050321566F3100E0B220 /* Project object */;
			proxyType = 1;
			remoteGlobalIDString = E282050A21566F3100E0B220;
			remoteInfo = ImgurBrowser;
		};
		E282052B21566F3200E0B220 /* PBXContainerItemProxy */ = {
			isa = PBXContainerItemProxy;
			containerPortal = E282050321566F3100E0B220 /* Project object */;
			proxyType = 1;
			remoteGlobalIDString = E282050A21566F3100E0B220;
			remoteInfo = ImgurBrowser;
		};
/* End PBXContainerItemProxy section */

/* Begin PBXCopyFilesBuildPhase section */
		E2D740702156779E009B6E08 /* Embed Frameworks */ = {
			isa = PBXCopyFilesBuildPhase;
			buildActionMask = 2147483647;
			dstPath = "";
			dstSubfolderSpec = 10;
			files = (
				E2D7406B2156779E009B6E08 /* ReactiveMapKit.framework in Embed Frameworks */,
				E2D740672156779E009B6E08 /* Power.framework in Embed Frameworks */,
				E2D7406F2156779E009B6E08 /* Result.framework in Embed Frameworks */,
				E2D740692156779E009B6E08 /* ReactiveCocoa.framework in Embed Frameworks */,
				E2D7406D2156779E009B6E08 /* ReactiveSwift.framework in Embed Frameworks */,
			);
			name = "Embed Frameworks";
			runOnlyForDeploymentPostprocessing = 0;
		};
/* End PBXCopyFilesBuildPhase section */

/* Begin PBXFileReference section */
		E282050B21566F3100E0B220 /* ImgurBrowser.app */ = {isa = PBXFileReference; explicitFileType = wrapper.application; includeInIndex = 0; path = ImgurBrowser.app; sourceTree = BUILT_PRODUCTS_DIR; };
		E282050E21566F3100E0B220 /* AppDelegate.swift */ = {isa = PBXFileReference; lastKnownFileType = sourcecode.swift; path = AppDelegate.swift; sourceTree = "<group>"; };
		E282051021566F3100E0B220 /* ViewController.swift */ = {isa = PBXFileReference; lastKnownFileType = sourcecode.swift; path = ViewController.swift; sourceTree = "<group>"; };
		E282051321566F3100E0B220 /* Base */ = {isa = PBXFileReference; lastKnownFileType = file.storyboard; name = Base; path = Base.lproj/Main.storyboard; sourceTree = "<group>"; };
		E282051521566F3200E0B220 /* Assets.xcassets */ = {isa = PBXFileReference; lastKnownFileType = folder.assetcatalog; path = Assets.xcassets; sourceTree = "<group>"; };
		E282051821566F3200E0B220 /* Base */ = {isa = PBXFileReference; lastKnownFileType = file.storyboard; name = Base; path = Base.lproj/LaunchScreen.storyboard; sourceTree = "<group>"; };
		E282051A21566F3200E0B220 /* Info.plist */ = {isa = PBXFileReference; lastKnownFileType = text.plist.xml; path = Info.plist; sourceTree = "<group>"; };
		E282051F21566F3200E0B220 /* ImgurBrowserTests.xctest */ = {isa = PBXFileReference; explicitFileType = wrapper.cfbundle; includeInIndex = 0; path = ImgurBrowserTests.xctest; sourceTree = BUILT_PRODUCTS_DIR; };
		E282052321566F3200E0B220 /* ImgurBrowserTests.swift */ = {isa = PBXFileReference; lastKnownFileType = sourcecode.swift; path = ImgurBrowserTests.swift; sourceTree = "<group>"; };
		E282052521566F3200E0B220 /* Info.plist */ = {isa = PBXFileReference; lastKnownFileType = text.plist.xml; path = Info.plist; sourceTree = "<group>"; };
		E282052A21566F3200E0B220 /* ImgurBrowserUITests.xctest */ = {isa = PBXFileReference; explicitFileType = wrapper.cfbundle; includeInIndex = 0; path = ImgurBrowserUITests.xctest; sourceTree = BUILT_PRODUCTS_DIR; };
		E282052E21566F3200E0B220 /* ImgurBrowserUITests.swift */ = {isa = PBXFileReference; lastKnownFileType = sourcecode.swift; path = ImgurBrowserUITests.swift; sourceTree = "<group>"; };
		E282053021566F3200E0B220 /* Info.plist */ = {isa = PBXFileReference; lastKnownFileType = text.plist.xml; path = Info.plist; sourceTree = "<group>"; };
		E2D74052215676E9009B6E08 /* ReactiveSwift.framework */ = {isa = PBXFileReference; lastKnownFileType = wrapper.framework; name = ReactiveSwift.framework; path = Carthage/Build/iOS/ReactiveSwift.framework; sourceTree = "<group>"; };
		E2D74053215676E9009B6E08 /* ReactiveMapKit.framework */ = {isa = PBXFileReference; lastKnownFileType = wrapper.framework; name = ReactiveMapKit.framework; path = Carthage/Build/iOS/ReactiveMapKit.framework; sourceTree = "<group>"; };
		E2D74054215676E9009B6E08 /* Power.framework */ = {isa = PBXFileReference; lastKnownFileType = wrapper.framework; name = Power.framework; path = Carthage/Build/iOS/Power.framework; sourceTree = "<group>"; };
		E2D74055215676E9009B6E08 /* Result.framework */ = {isa = PBXFileReference; lastKnownFileType = wrapper.framework; name = Result.framework; path = Carthage/Build/iOS/Result.framework; sourceTree = "<group>"; };
		E2D74056215676E9009B6E08 /* ReactiveCocoa.framework */ = {isa = PBXFileReference; lastKnownFileType = wrapper.framework; name = ReactiveCocoa.framework; path = Carthage/Build/iOS/ReactiveCocoa.framework; sourceTree = "<group>"; };
/* End PBXFileReference section */

/* Begin PBXFrameworksBuildPhase section */
		E282050821566F3100E0B220 /* Frameworks */ = {
			isa = PBXFrameworksBuildPhase;
			buildActionMask = 2147483647;
			files = (
				E2D7405D215676E9009B6E08 /* Power.framework in Frameworks */,
				E2D74057215676E9009B6E08 /* ReactiveSwift.framework in Frameworks */,
				E2D7405A215676E9009B6E08 /* ReactiveMapKit.framework in Frameworks */,
				E2D7406E2156779E009B6E08 /* Result.framework in Frameworks */,
				E2D74063215676E9009B6E08 /* ReactiveCocoa.framework in Frameworks */,
			);
			runOnlyForDeploymentPostprocessing = 0;
		};
		E282051C21566F3200E0B220 /* Frameworks */ = {
			isa = PBXFrameworksBuildPhase;
			buildActionMask = 2147483647;
			files = (
				E2D7405E215676E9009B6E08 /* Power.framework in Frameworks */,
				E2D74058215676E9009B6E08 /* ReactiveSwift.framework in Frameworks */,
				E2D7405B215676E9009B6E08 /* ReactiveMapKit.framework in Frameworks */,
				E2D74061215676E9009B6E08 /* Result.framework in Frameworks */,
				E2D74064215676E9009B6E08 /* ReactiveCocoa.framework in Frameworks */,
			);
			runOnlyForDeploymentPostprocessing = 0;
		};
		E282052721566F3200E0B220 /* Frameworks */ = {
			isa = PBXFrameworksBuildPhase;
			buildActionMask = 2147483647;
			files = (
				E2D7405F215676E9009B6E08 /* Power.framework in Frameworks */,
				E2D74059215676E9009B6E08 /* ReactiveSwift.framework in Frameworks */,
				E2D7405C215676E9009B6E08 /* ReactiveMapKit.framework in Frameworks */,
				E2D74062215676E9009B6E08 /* Result.framework in Frameworks */,
				E2D74065215676E9009B6E08 /* ReactiveCocoa.framework in Frameworks */,
			);
			runOnlyForDeploymentPostprocessing = 0;
		};
/* End PBXFrameworksBuildPhase section */

/* Begin PBXGroup section */
		E282050221566F3100E0B220 = {
			isa = PBXGroup;
			children = (
				E282050D21566F3100E0B220 /* Source */,
				E282052221566F3200E0B220 /* Tests */,
				E282052D21566F3200E0B220 /* UITests */,
				E2D74051215676CF009B6E08 /* Frameworks */,
				E282050C21566F3100E0B220 /* Products */,
			);
			sourceTree = "<group>";
		};
		E282050C21566F3100E0B220 /* Products */ = {
			isa = PBXGroup;
			children = (
				E282050B21566F3100E0B220 /* ImgurBrowser.app */,
				E282051F21566F3200E0B220 /* ImgurBrowserTests.xctest */,
				E282052A21566F3200E0B220 /* ImgurBrowserUITests.xctest */,
			);
			name = Products;
			sourceTree = "<group>";
		};
		E282050D21566F3100E0B220 /* Source */ = {
			isa = PBXGroup;
			children = (
				E282050E21566F3100E0B220 /* AppDelegate.swift */,
				E282051021566F3100E0B220 /* ViewController.swift */,
				E282051221566F3100E0B220 /* Main.storyboard */,
				E282051521566F3200E0B220 /* Assets.xcassets */,
				E282051721566F3200E0B220 /* LaunchScreen.storyboard */,
				E282051A21566F3200E0B220 /* Info.plist */,
			);
			path = Source;
			sourceTree = "<group>";
		};
		E282052221566F3200E0B220 /* Tests */ = {
			isa = PBXGroup;
			children = (
				E282052321566F3200E0B220 /* ImgurBrowserTests.swift */,
				E282052521566F3200E0B220 /* Info.plist */,
			);
			path = Tests;
			sourceTree = "<group>";
		};
		E282052D21566F3200E0B220 /* UITests */ = {
			isa = PBXGroup;
			children = (
				E282052E21566F3200E0B220 /* ImgurBrowserUITests.swift */,
				E282053021566F3200E0B220 /* Info.plist */,
			);
			path = UITests;
			sourceTree = "<group>";
		};
		E2D74051215676CF009B6E08 /* Frameworks */ = {
			isa = PBXGroup;
			children = (
				E2D74054215676E9009B6E08 /* Power.framework */,
				E2D74056215676E9009B6E08 /* ReactiveCocoa.framework */,
				E2D74053215676E9009B6E08 /* ReactiveMapKit.framework */,
				E2D74052215676E9009B6E08 /* ReactiveSwift.framework */,
				E2D74055215676E9009B6E08 /* Result.framework */,
			);
			name = Frameworks;
			sourceTree = "<group>";
		};
/* End PBXGroup section */

/* Begin PBXNativeTarget section */
		E282050A21566F3100E0B220 /* ImgurBrowser */ = {
			isa = PBXNativeTarget;
			buildConfigurationList = E282053321566F3200E0B220 /* Build configuration list for PBXNativeTarget "ImgurBrowser" */;
			buildPhases = (
				E2D7404F21567110009B6E08 /* Swiftlint */,
				E282050721566F3100E0B220 /* Sources */,
				E282050821566F3100E0B220 /* Frameworks */,
				E282050921566F3100E0B220 /* Resources */,
				E2D740702156779E009B6E08 /* Embed Frameworks */,
				E2D7407221567864009B6E08 /* Carthage: Strip Symbols */,
			);
			buildRules = (
			);
			dependencies = (
			);
			name = ImgurBrowser;
			productName = ImgurBrowser;
			productReference = E282050B21566F3100E0B220 /* ImgurBrowser.app */;
			productType = "com.apple.product-type.application";
		};
		E282051E21566F3200E0B220 /* ImgurBrowserTests */ = {
			isa = PBXNativeTarget;
			buildConfigurationList = E282053621566F3200E0B220 /* Build configuration list for PBXNativeTarget "ImgurBrowserTests" */;
			buildPhases = (
				E282051B21566F3200E0B220 /* Sources */,
				E282051C21566F3200E0B220 /* Frameworks */,
				E282051D21566F3200E0B220 /* Resources */,
			);
			buildRules = (
			);
			dependencies = (
				E282052121566F3200E0B220 /* PBXTargetDependency */,
			);
			name = ImgurBrowserTests;
			productName = ImgurBrowserTests;
			productReference = E282051F21566F3200E0B220 /* ImgurBrowserTests.xctest */;
			productType = "com.apple.product-type.bundle.unit-test";
		};
		E282052921566F3200E0B220 /* ImgurBrowserUITests */ = {
			isa = PBXNativeTarget;
			buildConfigurationList = E282053921566F3200E0B220 /* Build configuration list for PBXNativeTarget "ImgurBrowserUITests" */;
			buildPhases = (
				E282052621566F3200E0B220 /* Sources */,
				E282052721566F3200E0B220 /* Frameworks */,
				E282052821566F3200E0B220 /* Resources */,
			);
			buildRules = (
			);
			dependencies = (
				E282052C21566F3200E0B220 /* PBXTargetDependency */,
			);
			name = ImgurBrowserUITests;
			productName = ImgurBrowserUITests;
			productReference = E282052A21566F3200E0B220 /* ImgurBrowserUITests.xctest */;
			productType = "com.apple.product-type.bundle.ui-testing";
		};
/* End PBXNativeTarget section */

/* Begin PBXProject section */
		E282050321566F3100E0B220 /* Project object */ = {
			isa = PBXProject;
			attributes = {
				LastSwiftUpdateCheck = 1000;
				LastUpgradeCheck = 1000;
				ORGANIZATIONNAME = "Sebastián Varela";
				TargetAttributes = {
					E282050A21566F3100E0B220 = {
						CreatedOnToolsVersion = 10.0;
					};
					E282051E21566F3200E0B220 = {
						CreatedOnToolsVersion = 10.0;
						TestTargetID = E282050A21566F3100E0B220;
					};
					E282052921566F3200E0B220 = {
						CreatedOnToolsVersion = 10.0;
						TestTargetID = E282050A21566F3100E0B220;
					};
				};
			};
			buildConfigurationList = E282050621566F3100E0B220 /* Build configuration list for PBXProject "ImgurBrowser" */;
			compatibilityVersion = "Xcode 9.3";
			developmentRegion = en;
			hasScannedForEncodings = 0;
			knownRegions = (
				en,
				Base,
			);
			mainGroup = E282050221566F3100E0B220;
			productRefGroup = E282050C21566F3100E0B220 /* Products */;
			projectDirPath = "";
			projectRoot = "";
			targets = (
				E282050A21566F3100E0B220 /* ImgurBrowser */,
				E282051E21566F3200E0B220 /* ImgurBrowserTests */,
				E282052921566F3200E0B220 /* ImgurBrowserUITests */,
			);
		};
/* End PBXProject section */

/* Begin PBXResourcesBuildPhase section */
		E282050921566F3100E0B220 /* Resources */ = {
			isa = PBXResourcesBuildPhase;
			buildActionMask = 2147483647;
			files = (
				E282051921566F3200E0B220 /* LaunchScreen.storyboard in Resources */,
				E282051621566F3200E0B220 /* Assets.xcassets in Resources */,
				E282051421566F3100E0B220 /* Main.storyboard in Resources */,
			);
			runOnlyForDeploymentPostprocessing = 0;
		};
		E282051D21566F3200E0B220 /* Resources */ = {
			isa = PBXResourcesBuildPhase;
			buildActionMask = 2147483647;
			files = (
			);
			runOnlyForDeploymentPostprocessing = 0;
		};
		E282052821566F3200E0B220 /* Resources */ = {
			isa = PBXResourcesBuildPhase;
			buildActionMask = 2147483647;
			files = (
			);
			runOnlyForDeploymentPostprocessing = 0;
		};
/* End PBXResourcesBuildPhase section */

/* Begin PBXShellScriptBuildPhase section */
		E2D7404F21567110009B6E08 /* Swiftlint */ = {
			isa = PBXShellScriptBuildPhase;
			buildActionMask = 2147483647;
			files = (
			);
			inputFileListPaths = (
			);
			inputPaths = (
			);
			name = Swiftlint;
			outputFileListPaths = (
			);
			outputPaths = (
			);
			runOnlyForDeploymentPostprocessing = 0;
			shellPath = /bin/sh;
			shellScript = "if which swiftlint >/dev/null; then\nswiftlint\nelse\necho \"error: SwiftLint not installed, run: brew install swiftlint\"\nfi\n";
		};
		E2D7407221567864009B6E08 /* Carthage: Strip Symbols */ = {
			isa = PBXShellScriptBuildPhase;
			buildActionMask = 12;
			files = (
			);
			inputFileListPaths = (
			);
			inputPaths = (
				"$(SRCROOT)/Carthage/Build/iOS/Power.framework",
				"$(SRCROOT)/Carthage/Build/iOS/ReactiveCocoa.framework",
				"$(SRCROOT)/Carthage/Build/iOS/ReactiveMapKit.framework",
				"$(SRCROOT)/Carthage/Build/iOS/ReactiveSwift.framework",
				"$(SRCROOT)/Carthage/Build/iOS/Result.framework",
			);
			name = "Carthage: Strip Symbols";
			outputFileListPaths = (
			);
			outputPaths = (
			);
			runOnlyForDeploymentPostprocessing = 0;
			shellPath = /bin/sh;
			shellScript = "/usr/local/bin/carthage copy-frameworks\n";
		};
/* End PBXShellScriptBuildPhase section */

/* Begin PBXSourcesBuildPhase section */
		E282050721566F3100E0B220 /* Sources */ = {
			isa = PBXSourcesBuildPhase;
			buildActionMask = 2147483647;
			files = (
				E282051121566F3100E0B220 /* ViewController.swift in Sources */,
				E282050F21566F3100E0B220 /* AppDelegate.swift in Sources */,
			);
			runOnlyForDeploymentPostprocessing = 0;
		};
		E282051B21566F3200E0B220 /* Sources */ = {
			isa = PBXSourcesBuildPhase;
			buildActionMask = 2147483647;
			files = (
				E282052421566F3200E0B220 /* ImgurBrowserTests.swift in Sources */,
			);
			runOnlyForDeploymentPostprocessing = 0;
		};
		E282052621566F3200E0B220 /* Sources */ = {
			isa = PBXSourcesBuildPhase;
			buildActionMask = 2147483647;
			files = (
				E282052F21566F3200E0B220 /* ImgurBrowserUITests.swift in Sources */,
			);
			runOnlyForDeploymentPostprocessing = 0;
		};
/* End PBXSourcesBuildPhase section */

/* Begin PBXTargetDependency section */
		E282052121566F3200E0B220 /* PBXTargetDependency */ = {
			isa = PBXTargetDependency;
			target = E282050A21566F3100E0B220 /* ImgurBrowser */;
			targetProxy = E282052021566F3200E0B220 /* PBXContainerItemProxy */;
		};
		E282052C21566F3200E0B220 /* PBXTargetDependency */ = {
			isa = PBXTargetDependency;
			target = E282050A21566F3100E0B220 /* ImgurBrowser */;
			targetProxy = E282052B21566F3200E0B220 /* PBXContainerItemProxy */;
		};
/* End PBXTargetDependency section */

/* Begin PBXVariantGroup section */
		E282051221566F3100E0B220 /* Main.storyboard */ = {
			isa = PBXVariantGroup;
			children = (
				E282051321566F3100E0B220 /* Base */,
			);
			name = Main.storyboard;
			sourceTree = "<group>";
		};
		E282051721566F3200E0B220 /* LaunchScreen.storyboard */ = {
			isa = PBXVariantGroup;
			children = (
				E282051821566F3200E0B220 /* Base */,
			);
			name = LaunchScreen.storyboard;
			sourceTree = "<group>";
		};
/* End PBXVariantGroup section */

/* Begin XCBuildConfiguration section */
		E282053121566F3200E0B220 /* Debug */ = {
			isa = XCBuildConfiguration;
			buildSettings = {
				ALWAYS_SEARCH_USER_PATHS = NO;
				CLANG_ANALYZER_NONNULL = YES;
				CLANG_ANALYZER_NUMBER_OBJECT_CONVERSION = YES_AGGRESSIVE;
				CLANG_CXX_LANGUAGE_STANDARD = "gnu++14";
				CLANG_CXX_LIBRARY = "libc++";
				CLANG_ENABLE_MODULES = YES;
				CLANG_ENABLE_OBJC_ARC = YES;
				CLANG_ENABLE_OBJC_WEAK = YES;
				CLANG_WARN_BLOCK_CAPTURE_AUTORELEASING = YES;
				CLANG_WARN_BOOL_CONVERSION = YES;
				CLANG_WARN_COMMA = YES;
				CLANG_WARN_CONSTANT_CONVERSION = YES;
				CLANG_WARN_DEPRECATED_OBJC_IMPLEMENTATIONS = YES;
				CLANG_WARN_DIRECT_OBJC_ISA_USAGE = YES_ERROR;
				CLANG_WARN_DOCUMENTATION_COMMENTS = YES;
				CLANG_WARN_EMPTY_BODY = YES;
				CLANG_WARN_ENUM_CONVERSION = YES;
				CLANG_WARN_INFINITE_RECURSION = YES;
				CLANG_WARN_INT_CONVERSION = YES;
				CLANG_WARN_NON_LITERAL_NULL_CONVERSION = YES;
				CLANG_WARN_OBJC_IMPLICIT_RETAIN_SELF = YES;
				CLANG_WARN_OBJC_LITERAL_CONVERSION = YES;
				CLANG_WARN_OBJC_ROOT_CLASS = YES_ERROR;
				CLANG_WARN_RANGE_LOOP_ANALYSIS = YES;
				CLANG_WARN_STRICT_PROTOTYPES = YES;
				CLANG_WARN_SUSPICIOUS_MOVE = YES;
				CLANG_WARN_UNGUARDED_AVAILABILITY = YES_AGGRESSIVE;
				CLANG_WARN_UNREACHABLE_CODE = YES;
				CLANG_WARN__DUPLICATE_METHOD_MATCH = YES;
				CODE_SIGN_IDENTITY = "iPhone Developer";
				COPY_PHASE_STRIP = NO;
				DEBUG_INFORMATION_FORMAT = dwarf;
				ENABLE_STRICT_OBJC_MSGSEND = YES;
				ENABLE_TESTABILITY = YES;
				GCC_C_LANGUAGE_STANDARD = gnu11;
				GCC_DYNAMIC_NO_PIC = NO;
				GCC_NO_COMMON_BLOCKS = YES;
				GCC_OPTIMIZATION_LEVEL = 0;
				GCC_PREPROCESSOR_DEFINITIONS = (
					"DEBUG=1",
					"$(inherited)",
				);
				GCC_TREAT_WARNINGS_AS_ERRORS = YES;
				GCC_WARN_64_TO_32_BIT_CONVERSION = YES;
				GCC_WARN_ABOUT_RETURN_TYPE = YES_ERROR;
				GCC_WARN_UNDECLARED_SELECTOR = YES;
				GCC_WARN_UNINITIALIZED_AUTOS = YES_AGGRESSIVE;
				GCC_WARN_UNUSED_FUNCTION = YES;
				GCC_WARN_UNUSED_VARIABLE = YES;
				IPHONEOS_DEPLOYMENT_TARGET = 12.0;
				MTL_ENABLE_DEBUG_INFO = INCLUDE_SOURCE;
				MTL_FAST_MATH = YES;
				ONLY_ACTIVE_ARCH = YES;
				SDKROOT = iphoneos;
				SWIFT_ACTIVE_COMPILATION_CONDITIONS = DEBUG;
				SWIFT_OPTIMIZATION_LEVEL = "-Onone";
				SWIFT_SWIFT3_OBJC_INFERENCE = Off;
				SWIFT_TREAT_WARNINGS_AS_ERRORS = YES;
				SWIFT_VERSION = 4.2;
			};
			name = Debug;
		};
		E282053221566F3200E0B220 /* Release */ = {
			isa = XCBuildConfiguration;
			buildSettings = {
				ALWAYS_SEARCH_USER_PATHS = NO;
				CLANG_ANALYZER_NONNULL = YES;
				CLANG_ANALYZER_NUMBER_OBJECT_CONVERSION = YES_AGGRESSIVE;
				CLANG_CXX_LANGUAGE_STANDARD = "gnu++14";
				CLANG_CXX_LIBRARY = "libc++";
				CLANG_ENABLE_MODULES = YES;
				CLANG_ENABLE_OBJC_ARC = YES;
				CLANG_ENABLE_OBJC_WEAK = YES;
				CLANG_WARN_BLOCK_CAPTURE_AUTORELEASING = YES;
				CLANG_WARN_BOOL_CONVERSION = YES;
				CLANG_WARN_COMMA = YES;
				CLANG_WARN_CONSTANT_CONVERSION = YES;
				CLANG_WARN_DEPRECATED_OBJC_IMPLEMENTATIONS = YES;
				CLANG_WARN_DIRECT_OBJC_ISA_USAGE = YES_ERROR;
				CLANG_WARN_DOCUMENTATION_COMMENTS = YES;
				CLANG_WARN_EMPTY_BODY = YES;
				CLANG_WARN_ENUM_CONVERSION = YES;
				CLANG_WARN_INFINITE_RECURSION = YES;
				CLANG_WARN_INT_CONVERSION = YES;
				CLANG_WARN_NON_LITERAL_NULL_CONVERSION = YES;
				CLANG_WARN_OBJC_IMPLICIT_RETAIN_SELF = YES;
				CLANG_WARN_OBJC_LITERAL_CONVERSION = YES;
				CLANG_WARN_OBJC_ROOT_CLASS = YES_ERROR;
				CLANG_WARN_RANGE_LOOP_ANALYSIS = YES;
				CLANG_WARN_STRICT_PROTOTYPES = YES;
				CLANG_WARN_SUSPICIOUS_MOVE = YES;
				CLANG_WARN_UNGUARDED_AVAILABILITY = YES_AGGRESSIVE;
				CLANG_WARN_UNREACHABLE_CODE = YES;
				CLANG_WARN__DUPLICATE_METHOD_MATCH = YES;
				CODE_SIGN_IDENTITY = "iPhone Developer";
				COPY_PHASE_STRIP = NO;
				DEBUG_INFORMATION_FORMAT = "dwarf-with-dsym";
				ENABLE_NS_ASSERTIONS = NO;
				ENABLE_STRICT_OBJC_MSGSEND = YES;
				GCC_C_LANGUAGE_STANDARD = gnu11;
				GCC_NO_COMMON_BLOCKS = YES;
				GCC_TREAT_WARNINGS_AS_ERRORS = YES;
				GCC_WARN_64_TO_32_BIT_CONVERSION = YES;
				GCC_WARN_ABOUT_RETURN_TYPE = YES_ERROR;
				GCC_WARN_UNDECLARED_SELECTOR = YES;
				GCC_WARN_UNINITIALIZED_AUTOS = YES_AGGRESSIVE;
				GCC_WARN_UNUSED_FUNCTION = YES;
				GCC_WARN_UNUSED_VARIABLE = YES;
				IPHONEOS_DEPLOYMENT_TARGET = 12.0;
				MTL_ENABLE_DEBUG_INFO = NO;
				MTL_FAST_MATH = YES;
				SDKROOT = iphoneos;
				SWIFT_COMPILATION_MODE = wholemodule;
				SWIFT_OPTIMIZATION_LEVEL = "-O";
				SWIFT_SWIFT3_OBJC_INFERENCE = Off;
				SWIFT_TREAT_WARNINGS_AS_ERRORS = YES;
				SWIFT_VERSION = 4.2;
				VALIDATE_PRODUCT = YES;
			};
			name = Release;
		};
		E282053421566F3200E0B220 /* Debug */ = {
			isa = XCBuildConfiguration;
			buildSettings = {
				ASSETCATALOG_COMPILER_APPICON_NAME = AppIcon;
				CODE_SIGN_STYLE = Automatic;
				FRAMEWORK_SEARCH_PATHS = (
					"$(inherited)",
					"$(PROJECT_DIR)/Carthage/Build/iOS",
				);
				INFOPLIST_FILE = Source/Info.plist;
				LD_RUNPATH_SEARCH_PATHS = (
					"$(inherited)",
					"@executable_path/Frameworks",
				);
				PRODUCT_BUNDLE_IDENTIFIER = net.s3ba.ImgurBrowser;
				PRODUCT_NAME = "$(TARGET_NAME)";
				SWIFT_VERSION = 4.2;
				TARGETED_DEVICE_FAMILY = "1,2";
			};
			name = Debug;
		};
		E282053521566F3200E0B220 /* Release */ = {
			isa = XCBuildConfiguration;
			buildSettings = {
				ASSETCATALOG_COMPILER_APPICON_NAME = AppIcon;
				CODE_SIGN_STYLE = Automatic;
				FRAMEWORK_SEARCH_PATHS = (
					"$(inherited)",
					"$(PROJECT_DIR)/Carthage/Build/iOS",
				);
				INFOPLIST_FILE = Source/Info.plist;
				LD_RUNPATH_SEARCH_PATHS = (
					"$(inherited)",
					"@executable_path/Frameworks",
				);
				PRODUCT_BUNDLE_IDENTIFIER = net.s3ba.ImgurBrowser;
				PRODUCT_NAME = "$(TARGET_NAME)";
				SWIFT_VERSION = 4.2;
				TARGETED_DEVICE_FAMILY = "1,2";
			};
			name = Release;
		};
		E282053721566F3200E0B220 /* Debug */ = {
			isa = XCBuildConfiguration;
			buildSettings = {
				ALWAYS_EMBED_SWIFT_STANDARD_LIBRARIES = YES;
				BUNDLE_LOADER = "$(TEST_HOST)";
				CODE_SIGN_STYLE = Automatic;
				FRAMEWORK_SEARCH_PATHS = (
					"$(inherited)",
					"$(PROJECT_DIR)/Carthage/Build/iOS",
				);
				INFOPLIST_FILE = Tests/Info.plist;
				LD_RUNPATH_SEARCH_PATHS = (
					"$(inherited)",
					"@executable_path/Frameworks",
					"@loader_path/Frameworks",
					"$(PROJECT_DIR)/Carthage/Build/iOS",
				);
				PRODUCT_BUNDLE_IDENTIFIER = net.s3ba.ImgurBrowserTests;
				PRODUCT_NAME = "$(TARGET_NAME)";
				SWIFT_VERSION = 4.2;
				TARGETED_DEVICE_FAMILY = "1,2";
				TEST_HOST = "$(BUILT_PRODUCTS_DIR)/ImgurBrowser.app/ImgurBrowser";
			};
			name = Debug;
		};
		E282053821566F3200E0B220 /* Release */ = {
			isa = XCBuildConfiguration;
			buildSettings = {
				ALWAYS_EMBED_SWIFT_STANDARD_LIBRARIES = YES;
				BUNDLE_LOADER = "$(TEST_HOST)";
				CODE_SIGN_STYLE = Automatic;
				FRAMEWORK_SEARCH_PATHS = (
					"$(inherited)",
					"$(PROJECT_DIR)/Carthage/Build/iOS",
				);
				INFOPLIST_FILE = Tests/Info.plist;
				LD_RUNPATH_SEARCH_PATHS = (
					"$(inherited)",
					"@executable_path/Frameworks",
					"@loader_path/Frameworks",
					"$(PROJECT_DIR)/Carthage/Build/iOS",
				);
				PRODUCT_BUNDLE_IDENTIFIER = net.s3ba.ImgurBrowserTests;
				PRODUCT_NAME = "$(TARGET_NAME)";
				SWIFT_VERSION = 4.2;
				TARGETED_DEVICE_FAMILY = "1,2";
				TEST_HOST = "$(BUILT_PRODUCTS_DIR)/ImgurBrowser.app/ImgurBrowser";
			};
			name = Release;
		};
		E282053A21566F3200E0B220 /* Debug */ = {
			isa = XCBuildConfiguration;
			buildSettings = {
				ALWAYS_EMBED_SWIFT_STANDARD_LIBRARIES = YES;
				CODE_SIGN_STYLE = Automatic;
				FRAMEWORK_SEARCH_PATHS = (
					"$(inherited)",
					"$(PROJECT_DIR)/Carthage/Build/iOS",
				);
				INFOPLIST_FILE = UITests/Info.plist;
				LD_RUNPATH_SEARCH_PATHS = (
					"$(inherited)",
					"@executable_path/Frameworks",
					"@loader_path/Frameworks",
					"$(PROJECT_DIR)/Carthage/Build/iOS",
				);
				PRODUCT_BUNDLE_IDENTIFIER = net.s3ba.ImgurBrowserUITests;
				PRODUCT_NAME = "$(TARGET_NAME)";
				SWIFT_VERSION = 4.2;
				TARGETED_DEVICE_FAMILY = "1,2";
				TEST_TARGET_NAME = ImgurBrowser;
			};
			name = Debug;
		};
		E282053B21566F3200E0B220 /* Release */ = {
			isa = XCBuildConfiguration;
			buildSettings = {
				ALWAYS_EMBED_SWIFT_STANDARD_LIBRARIES = YES;
				CODE_SIGN_STYLE = Automatic;
				FRAMEWORK_SEARCH_PATHS = (
					"$(inherited)",
					"$(PROJECT_DIR)/Carthage/Build/iOS",
				);
				INFOPLIST_FILE = UITests/Info.plist;
				LD_RUNPATH_SEARCH_PATHS = (
					"$(inherited)",
					"@executable_path/Frameworks",
					"@loader_path/Frameworks",
					"$(PROJECT_DIR)/Carthage/Build/iOS",
				);
				PRODUCT_BUNDLE_IDENTIFIER = net.s3ba.ImgurBrowserUITests;
				PRODUCT_NAME = "$(TARGET_NAME)";
				SWIFT_VERSION = 4.2;
				TARGETED_DEVICE_FAMILY = "1,2";
				TEST_TARGET_NAME = ImgurBrowser;
			};
			name = Release;
		};
/* End XCBuildConfiguration section */

/* Begin XCConfigurationList section */
		E282050621566F3100E0B220 /* Build configuration list for PBXProject "ImgurBrowser" */ = {
			isa = XCConfigurationList;
			buildConfigurations = (
				E282053121566F3200E0B220 /* Debug */,
				E282053221566F3200E0B220 /* Release */,
			);
			defaultConfigurationIsVisible = 0;
			defaultConfigurationName = Release;
		};
		E282053321566F3200E0B220 /* Build configuration list for PBXNativeTarget "ImgurBrowser" */ = {
			isa = XCConfigurationList;
			buildConfigurations = (
				E282053421566F3200E0B220 /* Debug */,
				E282053521566F3200E0B220 /* Release */,
			);
			defaultConfigurationIsVisible = 0;
			defaultConfigurationName = Release;
		};
		E282053621566F3200E0B220 /* Build configuration list for PBXNativeTarget "ImgurBrowserTests" */ = {
			isa = XCConfigurationList;
			buildConfigurations = (
				E282053721566F3200E0B220 /* Debug */,
				E282053821566F3200E0B220 /* Release */,
			);
			defaultConfigurationIsVisible = 0;
			defaultConfigurationName = Release;
		};
		E282053921566F3200E0B220 /* Build configuration list for PBXNativeTarget "ImgurBrowserUITests" */ = {
			isa = XCConfigurationList;
			buildConfigurations = (
				E282053A21566F3200E0B220 /* Debug */,
				E282053B21566F3200E0B220 /* Release */,
			);
			defaultConfigurationIsVisible = 0;
			defaultConfigurationName = Release;
		};
/* End XCConfigurationList section */
	};
	rootObject = E282050321566F3100E0B220 /* Project object */;
}
